// !$*UTF8*$!
{
	archiveVersion = 1;
	classes = {
	};
	objectVersion = 56;
	objects = {

/* Begin PBXBuildFile section */
		5707F6C02B96255A0071F78C /* milkywayHD.jpg in Resources */ = {isa = PBXBuildFile; fileRef = 5707F6BF2B96255A0071F78C /* milkywayHD.jpg */; };
		5728370C2B95B99E0096D3D8 /* milkyway.jpg in Resources */ = {isa = PBXBuildFile; fileRef = 5728370B2B95B99D0096D3D8 /* milkyway.jpg */; };
		57345F2D2B907FA9002ACE66 /* SpaceShipGameApp.swift in Sources */ = {isa = PBXBuildFile; fileRef = 57345F2C2B907FA9002ACE66 /* SpaceShipGameApp.swift */; };
		57345F2F2B907FA9002ACE66 /* ContentView.swift in Sources */ = {isa = PBXBuildFile; fileRef = 57345F2E2B907FA9002ACE66 /* ContentView.swift */; };
		57345F312B907FAA002ACE66 /* Assets.xcassets in Resources */ = {isa = PBXBuildFile; fileRef = 57345F302B907FAA002ACE66 /* Assets.xcassets */; };
		57345F342B907FAA002ACE66 /* Preview Assets.xcassets in Resources */ = {isa = PBXBuildFile; fileRef = 57345F332B907FAA002ACE66 /* Preview Assets.xcassets */; };
		57345F432B908124002ACE66 /* MetalView.swift in Sources */ = {isa = PBXBuildFile; fileRef = 57345F422B908124002ACE66 /* MetalView.swift */; };
		57345F452B9081B6002ACE66 /* MainRenderer.swift in Sources */ = {isa = PBXBuildFile; fileRef = 57345F442B9081B6002ACE66 /* MainRenderer.swift */; };
		57345F492B9082E4002ACE66 /* Model.swift in Sources */ = {isa = PBXBuildFile; fileRef = 57345F482B9082E4002ACE66 /* Model.swift */; };
		57345F4C2B9086F0002ACE66 /* TextureLoader.swift in Sources */ = {isa = PBXBuildFile; fileRef = 57345F4B2B9086F0002ACE66 /* TextureLoader.swift */; };
		57345F682B9100CA002ACE66 /* Quad.swift in Sources */ = {isa = PBXBuildFile; fileRef = 57345F672B9100CA002ACE66 /* Quad.swift */; };
		57345F6A2B91151C002ACE66 /* Vertex.swift in Sources */ = {isa = PBXBuildFile; fileRef = 57345F692B91151C002ACE66 /* Vertex.swift */; };
		57345F6C2B91157F002ACE66 /* VertexDescriptor.swift in Sources */ = {isa = PBXBuildFile; fileRef = 57345F6B2B91157F002ACE66 /* VertexDescriptor.swift */; };
		57345F6E2B91D5B9002ACE66 /* GameScene.swift in Sources */ = {isa = PBXBuildFile; fileRef = 57345F6D2B91D5B9002ACE66 /* GameScene.swift */; };
		57345F702B91D7C4002ACE66 /* BackgroundRenderer.swift in Sources */ = {isa = PBXBuildFile; fileRef = 57345F6F2B91D7C4002ACE66 /* BackgroundRenderer.swift */; };
		57345F732B91FC2B002ACE66 /* StaticCamera.swift in Sources */ = {isa = PBXBuildFile; fileRef = 57345F722B91FC2B002ACE66 /* StaticCamera.swift */; };
		57345F752B91FC70002ACE66 /* Utility.swift in Sources */ = {isa = PBXBuildFile; fileRef = 57345F742B91FC70002ACE66 /* Utility.swift */; };
		57D13A122B977ED900DF1E6C /* MidgroundRenderer.swift in Sources */ = {isa = PBXBuildFile; fileRef = 57D13A112B977ED900DF1E6C /* MidgroundRenderer.swift */; };
		57D13A142B977F1400DF1E6C /* Renderer.swift in Sources */ = {isa = PBXBuildFile; fileRef = 57D13A132B977F1400DF1E6C /* Renderer.swift */; };
		57D13A162B9792F500DF1E6C /* MidgroundShaders.metal in Sources */ = {isa = PBXBuildFile; fileRef = 57D13A152B9792F500DF1E6C /* MidgroundShaders.metal */; };
		57D13A192B97935300DF1E6C /* Helpers.metal in Sources */ = {isa = PBXBuildFile; fileRef = 57D13A182B97935300DF1E6C /* Helpers.metal */; };
		57DC9B4A2B923DAB0008009F /* Transform.swift in Sources */ = {isa = PBXBuildFile; fileRef = 57DC9B492B923DAB0008009F /* Transform.swift */; };
		57DC9B4C2B9245CB0008009F /* BackgroundShaders.metal in Sources */ = {isa = PBXBuildFile; fileRef = 57DC9B4B2B9245CB0008009F /* BackgroundShaders.metal */; };
		57F3174E2B9538B800E8DFFE /* test.jpg in Resources */ = {isa = PBXBuildFile; fileRef = 57F3174D2B9538B800E8DFFE /* test.jpg */; };
/* End PBXBuildFile section */

/* Begin PBXFileReference section */
		5707F6BF2B96255A0071F78C /* milkywayHD.jpg */ = {isa = PBXFileReference; lastKnownFileType = image.jpeg; path = milkywayHD.jpg; sourceTree = "<group>"; };
		5728370B2B95B99D0096D3D8 /* milkyway.jpg */ = {isa = PBXFileReference; lastKnownFileType = image.jpeg; path = milkyway.jpg; sourceTree = "<group>"; };
		57345F292B907FA9002ACE66 /* SpaceShipGame.app */ = {isa = PBXFileReference; explicitFileType = wrapper.application; includeInIndex = 0; path = SpaceShipGame.app; sourceTree = BUILT_PRODUCTS_DIR; };
		57345F2C2B907FA9002ACE66 /* SpaceShipGameApp.swift */ = {isa = PBXFileReference; lastKnownFileType = sourcecode.swift; path = SpaceShipGameApp.swift; sourceTree = "<group>"; };
		57345F2E2B907FA9002ACE66 /* ContentView.swift */ = {isa = PBXFileReference; lastKnownFileType = sourcecode.swift; path = ContentView.swift; sourceTree = "<group>"; };
		57345F302B907FAA002ACE66 /* Assets.xcassets */ = {isa = PBXFileReference; lastKnownFileType = folder.assetcatalog; path = Assets.xcassets; sourceTree = "<group>"; };
		57345F332B907FAA002ACE66 /* Preview Assets.xcassets */ = {isa = PBXFileReference; lastKnownFileType = folder.assetcatalog; path = "Preview Assets.xcassets"; sourceTree = "<group>"; };
		57345F352B907FAA002ACE66 /* SpaceShipGame.entitlements */ = {isa = PBXFileReference; lastKnownFileType = text.plist.entitlements; path = SpaceShipGame.entitlements; sourceTree = "<group>"; };
		57345F422B908124002ACE66 /* MetalView.swift */ = {isa = PBXFileReference; lastKnownFileType = sourcecode.swift; path = MetalView.swift; sourceTree = "<group>"; };
		57345F442B9081B6002ACE66 /* MainRenderer.swift */ = {isa = PBXFileReference; lastKnownFileType = sourcecode.swift; path = MainRenderer.swift; sourceTree = "<group>"; };
		57345F482B9082E4002ACE66 /* Model.swift */ = {isa = PBXFileReference; lastKnownFileType = sourcecode.swift; path = Model.swift; sourceTree = "<group>"; };
		57345F4B2B9086F0002ACE66 /* TextureLoader.swift */ = {isa = PBXFileReference; lastKnownFileType = sourcecode.swift; path = TextureLoader.swift; sourceTree = "<group>"; };
		57345F672B9100CA002ACE66 /* Quad.swift */ = {isa = PBXFileReference; lastKnownFileType = sourcecode.swift; path = Quad.swift; sourceTree = "<group>"; };
		57345F692B91151C002ACE66 /* Vertex.swift */ = {isa = PBXFileReference; lastKnownFileType = sourcecode.swift; path = Vertex.swift; sourceTree = "<group>"; };
		57345F6B2B91157F002ACE66 /* VertexDescriptor.swift */ = {isa = PBXFileReference; lastKnownFileType = sourcecode.swift; path = VertexDescriptor.swift; sourceTree = "<group>"; };
		57345F6D2B91D5B9002ACE66 /* GameScene.swift */ = {isa = PBXFileReference; lastKnownFileType = sourcecode.swift; path = GameScene.swift; sourceTree = "<group>"; };
		57345F6F2B91D7C4002ACE66 /* BackgroundRenderer.swift */ = {isa = PBXFileReference; lastKnownFileType = sourcecode.swift; path = BackgroundRenderer.swift; sourceTree = "<group>"; };
		57345F712B91D8D4002ACE66 /* Common.h */ = {isa = PBXFileReference; lastKnownFileType = sourcecode.c.h; path = Common.h; sourceTree = "<group>"; };
		57345F722B91FC2B002ACE66 /* StaticCamera.swift */ = {isa = PBXFileReference; lastKnownFileType = sourcecode.swift; path = StaticCamera.swift; sourceTree = "<group>"; };
		57345F742B91FC70002ACE66 /* Utility.swift */ = {isa = PBXFileReference; lastKnownFileType = sourcecode.swift; path = Utility.swift; sourceTree = "<group>"; };
		57D13A112B977ED900DF1E6C /* MidgroundRenderer.swift */ = {isa = PBXFileReference; lastKnownFileType = sourcecode.swift; path = MidgroundRenderer.swift; sourceTree = "<group>"; };
		57D13A132B977F1400DF1E6C /* Renderer.swift */ = {isa = PBXFileReference; lastKnownFileType = sourcecode.swift; path = Renderer.swift; sourceTree = "<group>"; };
		57D13A152B9792F500DF1E6C /* MidgroundShaders.metal */ = {isa = PBXFileReference; lastKnownFileType = sourcecode.metal; path = MidgroundShaders.metal; sourceTree = "<group>"; };
		57D13A172B97932400DF1E6C /* Helpers.h */ = {isa = PBXFileReference; lastKnownFileType = sourcecode.c.h; path = Helpers.h; sourceTree = "<group>"; };
		57D13A182B97935300DF1E6C /* Helpers.metal */ = {isa = PBXFileReference; lastKnownFileType = sourcecode.metal; path = Helpers.metal; sourceTree = "<group>"; };
		57DC9B492B923DAB0008009F /* Transform.swift */ = {isa = PBXFileReference; lastKnownFileType = sourcecode.swift; path = Transform.swift; sourceTree = "<group>"; };
		57DC9B4B2B9245CB0008009F /* BackgroundShaders.metal */ = {isa = PBXFileReference; lastKnownFileType = sourcecode.metal; path = BackgroundShaders.metal; sourceTree = "<group>"; };
		57F3174D2B9538B800E8DFFE /* test.jpg */ = {isa = PBXFileReference; lastKnownFileType = image.jpeg; path = test.jpg; sourceTree = "<group>"; };
/* End PBXFileReference section */

/* Begin PBXFrameworksBuildPhase section */
		57345F262B907FA9002ACE66 /* Frameworks */ = {
			isa = PBXFrameworksBuildPhase;
			buildActionMask = 2147483647;
			files = (
			);
			runOnlyForDeploymentPostprocessing = 0;
		};
/* End PBXFrameworksBuildPhase section */

/* Begin PBXGroup section */
		57345F202B907FA9002ACE66 = {
			isa = PBXGroup;
			children = (
				57345F2B2B907FA9002ACE66 /* SpaceShipGame */,
				57345F2A2B907FA9002ACE66 /* Products */,
			);
			sourceTree = "<group>";
		};
		57345F2A2B907FA9002ACE66 /* Products */ = {
			isa = PBXGroup;
			children = (
				57345F292B907FA9002ACE66 /* SpaceShipGame.app */,
			);
			name = Products;
			sourceTree = "<group>";
		};
		57345F2B2B907FA9002ACE66 /* SpaceShipGame */ = {
			isa = PBXGroup;
			children = (
				57345F2C2B907FA9002ACE66 /* SpaceShipGameApp.swift */,
				57345F3B2B907FB8002ACE66 /* Views */,
				57345F3C2B907FC1002ACE66 /* Renderers */,
				57345F462B9081E9002ACE66 /* GameScene */,
				57345F472B9081EF002ACE66 /* Camera */,
				57345F3F2B9080EA002ACE66 /* Models */,
				57345F3E2B9080D7002ACE66 /* Textures */,
				57345F3D2B907FCF002ACE66 /* Shaders */,
				57345F4A2B9083AD002ACE66 /* Math */,
				57DC9B492B923DAB0008009F /* Transform.swift */,
				57345F302B907FAA002ACE66 /* Assets.xcassets */,
				57F3174D2B9538B800E8DFFE /* test.jpg */,
				5728370B2B95B99D0096D3D8 /* milkyway.jpg */,
				5707F6BF2B96255A0071F78C /* milkywayHD.jpg */,
				57345F352B907FAA002ACE66 /* SpaceShipGame.entitlements */,
				57345F322B907FAA002ACE66 /* Preview Content */,
			);
			path = SpaceShipGame;
			sourceTree = "<group>";
		};
		57345F322B907FAA002ACE66 /* Preview Content */ = {
			isa = PBXGroup;
			children = (
				57345F332B907FAA002ACE66 /* Preview Assets.xcassets */,
			);
			path = "Preview Content";
			sourceTree = "<group>";
		};
		57345F3B2B907FB8002ACE66 /* Views */ = {
			isa = PBXGroup;
			children = (
				57345F2E2B907FA9002ACE66 /* ContentView.swift */,
				57345F422B908124002ACE66 /* MetalView.swift */,
			);
			path = Views;
			sourceTree = "<group>";
		};
		57345F3C2B907FC1002ACE66 /* Renderers */ = {
			isa = PBXGroup;
			children = (
				57D13A132B977F1400DF1E6C /* Renderer.swift */,
				57345F442B9081B6002ACE66 /* MainRenderer.swift */,
				57345F6F2B91D7C4002ACE66 /* BackgroundRenderer.swift */,
				57D13A112B977ED900DF1E6C /* MidgroundRenderer.swift */,
			);
			path = Renderers;
			sourceTree = "<group>";
		};
		57345F3D2B907FCF002ACE66 /* Shaders */ = {
			isa = PBXGroup;
			children = (
				57345F712B91D8D4002ACE66 /* Common.h */,
				57D13A172B97932400DF1E6C /* Helpers.h */,
				57D13A182B97935300DF1E6C /* Helpers.metal */,
				57DC9B4B2B9245CB0008009F /* BackgroundShaders.metal */,
				57D13A152B9792F500DF1E6C /* MidgroundShaders.metal */,
			);
			path = Shaders;
			sourceTree = "<group>";
		};
		57345F3E2B9080D7002ACE66 /* Textures */ = {
			isa = PBXGroup;
			children = (
				57345F4B2B9086F0002ACE66 /* TextureLoader.swift */,
			);
			path = Textures;
			sourceTree = "<group>";
		};
		57345F3F2B9080EA002ACE66 /* Models */ = {
			isa = PBXGroup;
			children = (
				57345F692B91151C002ACE66 /* Vertex.swift */,
				57345F482B9082E4002ACE66 /* Model.swift */,
				57345F672B9100CA002ACE66 /* Quad.swift */,
				57345F6B2B91157F002ACE66 /* VertexDescriptor.swift */,
			);
			path = Models;
			sourceTree = "<group>";
		};
		57345F462B9081E9002ACE66 /* GameScene */ = {
			isa = PBXGroup;
			children = (
				57345F6D2B91D5B9002ACE66 /* GameScene.swift */,
			);
			path = GameScene;
			sourceTree = "<group>";
		};
		57345F472B9081EF002ACE66 /* Camera */ = {
			isa = PBXGroup;
			children = (
				57345F722B91FC2B002ACE66 /* StaticCamera.swift */,
			);
			path = Camera;
			sourceTree = "<group>";
		};
		57345F4A2B9083AD002ACE66 /* Math */ = {
			isa = PBXGroup;
			children = (
				57345F742B91FC70002ACE66 /* Utility.swift */,
			);
			path = Math;
			sourceTree = "<group>";
		};
/* End PBXGroup section */

/* Begin PBXNativeTarget section */
		57345F282B907FA9002ACE66 /* SpaceShipGame */ = {
			isa = PBXNativeTarget;
			buildConfigurationList = 57345F382B907FAA002ACE66 /* Build configuration list for PBXNativeTarget "SpaceShipGame" */;
			buildPhases = (
				57345F252B907FA9002ACE66 /* Sources */,
				57345F262B907FA9002ACE66 /* Frameworks */,
				57345F272B907FA9002ACE66 /* Resources */,
			);
			buildRules = (
			);
			dependencies = (
			);
			name = SpaceShipGame;
			productName = SpaceShipGame;
			productReference = 57345F292B907FA9002ACE66 /* SpaceShipGame.app */;
			productType = "com.apple.product-type.application";
		};
/* End PBXNativeTarget section */

/* Begin PBXProject section */
		57345F212B907FA9002ACE66 /* Project object */ = {
			isa = PBXProject;
			attributes = {
				BuildIndependentTargetsInParallel = 1;
				LastSwiftUpdateCheck = 1520;
				LastUpgradeCheck = 1520;
				TargetAttributes = {
					57345F282B907FA9002ACE66 = {
						CreatedOnToolsVersion = 15.2;
					};
				};
			};
			buildConfigurationList = 57345F242B907FA9002ACE66 /* Build configuration list for PBXProject "SpaceShipGame" */;
			compatibilityVersion = "Xcode 14.0";
			developmentRegion = en;
			hasScannedForEncodings = 0;
			knownRegions = (
				en,
				Base,
			);
			mainGroup = 57345F202B907FA9002ACE66;
			productRefGroup = 57345F2A2B907FA9002ACE66 /* Products */;
			projectDirPath = "";
			projectRoot = "";
			targets = (
				57345F282B907FA9002ACE66 /* SpaceShipGame */,
			);
		};
/* End PBXProject section */

/* Begin PBXResourcesBuildPhase section */
		57345F272B907FA9002ACE66 /* Resources */ = {
			isa = PBXResourcesBuildPhase;
			buildActionMask = 2147483647;
			files = (
				57345F342B907FAA002ACE66 /* Preview Assets.xcassets in Resources */,
				57345F312B907FAA002ACE66 /* Assets.xcassets in Resources */,
				5728370C2B95B99E0096D3D8 /* milkyway.jpg in Resources */,
				57F3174E2B9538B800E8DFFE /* test.jpg in Resources */,
				5707F6C02B96255A0071F78C /* milkywayHD.jpg in Resources */,
			);
			runOnlyForDeploymentPostprocessing = 0;
		};
/* End PBXResourcesBuildPhase section */

/* Begin PBXSourcesBuildPhase section */
		57345F252B907FA9002ACE66 /* Sources */ = {
			isa = PBXSourcesBuildPhase;
			buildActionMask = 2147483647;
			files = (
				57D13A162B9792F500DF1E6C /* MidgroundShaders.metal in Sources */,
				57345F732B91FC2B002ACE66 /* StaticCamera.swift in Sources */,
				57345F702B91D7C4002ACE66 /* BackgroundRenderer.swift in Sources */,
				57D13A122B977ED900DF1E6C /* MidgroundRenderer.swift in Sources */,
				57345F6E2B91D5B9002ACE66 /* GameScene.swift in Sources */,
				57345F492B9082E4002ACE66 /* Model.swift in Sources */,
				57345F682B9100CA002ACE66 /* Quad.swift in Sources */,
				57D13A192B97935300DF1E6C /* Helpers.metal in Sources */,
				57DC9B4C2B9245CB0008009F /* BackgroundShaders.metal in Sources */,
				57345F432B908124002ACE66 /* MetalView.swift in Sources */,
				57345F6C2B91157F002ACE66 /* VertexDescriptor.swift in Sources */,
				57345F752B91FC70002ACE66 /* Utility.swift in Sources */,
				57345F4C2B9086F0002ACE66 /* TextureLoader.swift in Sources */,
				57345F452B9081B6002ACE66 /* MainRenderer.swift in Sources */,
				57DC9B4A2B923DAB0008009F /* Transform.swift in Sources */,
				57345F6A2B91151C002ACE66 /* Vertex.swift in Sources */,
				57D13A142B977F1400DF1E6C /* Renderer.swift in Sources */,
				57345F2F2B907FA9002ACE66 /* ContentView.swift in Sources */,
				57345F2D2B907FA9002ACE66 /* SpaceShipGameApp.swift in Sources */,
			);
			runOnlyForDeploymentPostprocessing = 0;
		};
/* End PBXSourcesBuildPhase section */

/* Begin XCBuildConfiguration section */
		57345F362B907FAA002ACE66 /* Debug */ = {
			isa = XCBuildConfiguration;
			buildSettings = {
				ALWAYS_SEARCH_USER_PATHS = NO;
				ASSETCATALOG_COMPILER_GENERATE_SWIFT_ASSET_SYMBOL_EXTENSIONS = YES;
				CLANG_ANALYZER_NONNULL = YES;
				CLANG_ANALYZER_NUMBER_OBJECT_CONVERSION = YES_AGGRESSIVE;
				CLANG_CXX_LANGUAGE_STANDARD = "gnu++20";
				CLANG_ENABLE_MODULES = YES;
				CLANG_ENABLE_OBJC_ARC = YES;
				CLANG_ENABLE_OBJC_WEAK = YES;
				CLANG_WARN_BLOCK_CAPTURE_AUTORELEASING = YES;
				CLANG_WARN_BOOL_CONVERSION = YES;
				CLANG_WARN_COMMA = YES;
				CLANG_WARN_CONSTANT_CONVERSION = YES;
				CLANG_WARN_DEPRECATED_OBJC_IMPLEMENTATIONS = YES;
				CLANG_WARN_DIRECT_OBJC_ISA_USAGE = YES_ERROR;
				CLANG_WARN_DOCUMENTATION_COMMENTS = YES;
				CLANG_WARN_EMPTY_BODY = YES;
				CLANG_WARN_ENUM_CONVERSION = YES;
				CLANG_WARN_INFINITE_RECURSION = YES;
				CLANG_WARN_INT_CONVERSION = YES;
				CLANG_WARN_NON_LITERAL_NULL_CONVERSION = YES;
				CLANG_WARN_OBJC_IMPLICIT_RETAIN_SELF = YES;
				CLANG_WARN_OBJC_LITERAL_CONVERSION = YES;
				CLANG_WARN_OBJC_ROOT_CLASS = YES_ERROR;
				CLANG_WARN_QUOTED_INCLUDE_IN_FRAMEWORK_HEADER = YES;
				CLANG_WARN_RANGE_LOOP_ANALYSIS = YES;
				CLANG_WARN_STRICT_PROTOTYPES = YES;
				CLANG_WARN_SUSPICIOUS_MOVE = YES;
				CLANG_WARN_UNGUARDED_AVAILABILITY = YES_AGGRESSIVE;
				CLANG_WARN_UNREACHABLE_CODE = YES;
				CLANG_WARN__DUPLICATE_METHOD_MATCH = YES;
				COPY_PHASE_STRIP = NO;
				DEBUG_INFORMATION_FORMAT = dwarf;
				ENABLE_STRICT_OBJC_MSGSEND = YES;
				ENABLE_TESTABILITY = YES;
				ENABLE_USER_SCRIPT_SANDBOXING = YES;
				GCC_C_LANGUAGE_STANDARD = gnu17;
				GCC_DYNAMIC_NO_PIC = NO;
				GCC_NO_COMMON_BLOCKS = YES;
				GCC_OPTIMIZATION_LEVEL = 0;
				GCC_PREPROCESSOR_DEFINITIONS = (
					"DEBUG=1",
					"$(inherited)",
				);
				GCC_WARN_64_TO_32_BIT_CONVERSION = YES;
				GCC_WARN_ABOUT_RETURN_TYPE = YES_ERROR;
				GCC_WARN_UNDECLARED_SELECTOR = YES;
				GCC_WARN_UNINITIALIZED_AUTOS = YES_AGGRESSIVE;
				GCC_WARN_UNUSED_FUNCTION = YES;
				GCC_WARN_UNUSED_VARIABLE = YES;
				LOCALIZATION_PREFERS_STRING_CATALOGS = YES;
				MACOSX_DEPLOYMENT_TARGET = 14.2;
				MTL_ENABLE_DEBUG_INFO = INCLUDE_SOURCE;
				MTL_FAST_MATH = YES;
				ONLY_ACTIVE_ARCH = YES;
				SDKROOT = macosx;
				SWIFT_ACTIVE_COMPILATION_CONDITIONS = "DEBUG $(inherited)";
				SWIFT_OPTIMIZATION_LEVEL = "-Onone";
			};
			name = Debug;
		};
		57345F372B907FAA002ACE66 /* Release */ = {
			isa = XCBuildConfiguration;
			buildSettings = {
				ALWAYS_SEARCH_USER_PATHS = NO;
				ASSETCATALOG_COMPILER_GENERATE_SWIFT_ASSET_SYMBOL_EXTENSIONS = YES;
				CLANG_ANALYZER_NONNULL = YES;
				CLANG_ANALYZER_NUMBER_OBJECT_CONVERSION = YES_AGGRESSIVE;
				CLANG_CXX_LANGUAGE_STANDARD = "gnu++20";
				CLANG_ENABLE_MODULES = YES;
				CLANG_ENABLE_OBJC_ARC = YES;
				CLANG_ENABLE_OBJC_WEAK = YES;
				CLANG_WARN_BLOCK_CAPTURE_AUTORELEASING = YES;
				CLANG_WARN_BOOL_CONVERSION = YES;
				CLANG_WARN_COMMA = YES;
				CLANG_WARN_CONSTANT_CONVERSION = YES;
				CLANG_WARN_DEPRECATED_OBJC_IMPLEMENTATIONS = YES;
				CLANG_WARN_DIRECT_OBJC_ISA_USAGE = YES_ERROR;
				CLANG_WARN_DOCUMENTATION_COMMENTS = YES;
				CLANG_WARN_EMPTY_BODY = YES;
				CLANG_WARN_ENUM_CONVERSION = YES;
				CLANG_WARN_INFINITE_RECURSION = YES;
				CLANG_WARN_INT_CONVERSION = YES;
				CLANG_WARN_NON_LITERAL_NULL_CONVERSION = YES;
				CLANG_WARN_OBJC_IMPLICIT_RETAIN_SELF = YES;
				CLANG_WARN_OBJC_LITERAL_CONVERSION = YES;
				CLANG_WARN_OBJC_ROOT_CLASS = YES_ERROR;
				CLANG_WARN_QUOTED_INCLUDE_IN_FRAMEWORK_HEADER = YES;
				CLANG_WARN_RANGE_LOOP_ANALYSIS = YES;
				CLANG_WARN_STRICT_PROTOTYPES = YES;
				CLANG_WARN_SUSPICIOUS_MOVE = YES;
				CLANG_WARN_UNGUARDED_AVAILABILITY = YES_AGGRESSIVE;
				CLANG_WARN_UNREACHABLE_CODE = YES;
				CLANG_WARN__DUPLICATE_METHOD_MATCH = YES;
				COPY_PHASE_STRIP = NO;
				DEBUG_INFORMATION_FORMAT = "dwarf-with-dsym";
				ENABLE_NS_ASSERTIONS = NO;
				ENABLE_STRICT_OBJC_MSGSEND = YES;
				ENABLE_USER_SCRIPT_SANDBOXING = YES;
				GCC_C_LANGUAGE_STANDARD = gnu17;
				GCC_NO_COMMON_BLOCKS = YES;
				GCC_WARN_64_TO_32_BIT_CONVERSION = YES;
				GCC_WARN_ABOUT_RETURN_TYPE = YES_ERROR;
				GCC_WARN_UNDECLARED_SELECTOR = YES;
				GCC_WARN_UNINITIALIZED_AUTOS = YES_AGGRESSIVE;
				GCC_WARN_UNUSED_FUNCTION = YES;
				GCC_WARN_UNUSED_VARIABLE = YES;
				LOCALIZATION_PREFERS_STRING_CATALOGS = YES;
				MACOSX_DEPLOYMENT_TARGET = 14.2;
				MTL_ENABLE_DEBUG_INFO = NO;
				MTL_FAST_MATH = YES;
				SDKROOT = macosx;
				SWIFT_COMPILATION_MODE = wholemodule;
			};
			name = Release;
		};
		57345F392B907FAA002ACE66 /* Debug */ = {
			isa = XCBuildConfiguration;
			buildSettings = {
				ASSETCATALOG_COMPILER_APPICON_NAME = AppIcon;
				ASSETCATALOG_COMPILER_GLOBAL_ACCENT_COLOR_NAME = AccentColor;
				CODE_SIGN_ENTITLEMENTS = SpaceShipGame/SpaceShipGame.entitlements;
				CODE_SIGN_STYLE = Automatic;
				COMBINE_HIDPI_IMAGES = YES;
				CURRENT_PROJECT_VERSION = 1;
				DEVELOPMENT_ASSET_PATHS = "\"SpaceShipGame/Preview Content\"";
				DEVELOPMENT_TEAM = 4SZNC8GH67;
				ENABLE_HARDENED_RUNTIME = YES;
				ENABLE_PREVIEWS = YES;
				GENERATE_INFOPLIST_FILE = YES;
				INFOPLIST_KEY_NSHumanReadableCopyright = "";
				LD_RUNPATH_SEARCH_PATHS = (
					"$(inherited)",
					"@executable_path/../Frameworks",
				);
				MARKETING_VERSION = 1.0;
				PRODUCT_BUNDLE_IDENTIFIER = com.niclas.SpaceShipGame;
				PRODUCT_NAME = "$(TARGET_NAME)";
				SWIFT_EMIT_LOC_STRINGS = YES;
				SWIFT_OBJC_BRIDGING_HEADER = SpaceShipGame/Shaders/Common.h;
				SWIFT_VERSION = 5.0;
			};
			name = Debug;
		};
		57345F3A2B907FAA002ACE66 /* Release */ = {
			isa = XCBuildConfiguration;
			buildSettings = {
				ASSETCATALOG_COMPILER_APPICON_NAME = AppIcon;
				ASSETCATALOG_COMPILER_GLOBAL_ACCENT_COLOR_NAME = AccentColor;
				CODE_SIGN_ENTITLEMENTS = SpaceShipGame/SpaceShipGame.entitlements;
				CODE_SIGN_STYLE = Automatic;
				COMBINE_HIDPI_IMAGES = YES;
				CURRENT_PROJECT_VERSION = 1;
				DEVELOPMENT_ASSET_PATHS = "\"SpaceShipGame/Preview Content\"";
				DEVELOPMENT_TEAM = 4SZNC8GH67;
				ENABLE_HARDENED_RUNTIME = YES;
				ENABLE_PREVIEWS = YES;
				GENERATE_INFOPLIST_FILE = YES;
				INFOPLIST_KEY_NSHumanReadableCopyright = "";
				LD_RUNPATH_SEARCH_PATHS = (
					"$(inherited)",
					"@executable_path/../Frameworks",
				);
				MARKETING_VERSION = 1.0;
				PRODUCT_BUNDLE_IDENTIFIER = com.niclas.SpaceShipGame;
				PRODUCT_NAME = "$(TARGET_NAME)";
				SWIFT_EMIT_LOC_STRINGS = YES;
				SWIFT_OBJC_BRIDGING_HEADER = SpaceShipGame/Shaders/Common.h;
				SWIFT_VERSION = 5.0;
			};
			name = Release;
		};
/* End XCBuildConfiguration section */

/* Begin XCConfigurationList section */
		57345F242B907FA9002ACE66 /* Build configuration list for PBXProject "SpaceShipGame" */ = {
			isa = XCConfigurationList;
			buildConfigurations = (
				57345F362B907FAA002ACE66 /* Debug */,
				57345F372B907FAA002ACE66 /* Release */,
			);
			defaultConfigurationIsVisible = 0;
			defaultConfigurationName = Release;
		};
		57345F382B907FAA002ACE66 /* Build configuration list for PBXNativeTarget "SpaceShipGame" */ = {
			isa = XCConfigurationList;
			buildConfigurations = (
				57345F392B907FAA002ACE66 /* Debug */,
				57345F3A2B907FAA002ACE66 /* Release */,
			);
			defaultConfigurationIsVisible = 0;
			defaultConfigurationName = Release;
		};
/* End XCConfigurationList section */
	};
	rootObject = 57345F212B907FA9002ACE66 /* Project object */;
}
